
Microsoft Visual Studio Solution File, Format Version 12.00
# Visual Studio Version 17
VisualStudioVersion = 17.7.34024.191
MinimumVisualStudioVersion = 10.0.40219.1
Project("{FAE04EC0-301F-11D3-BF4B-00C04F79EFBC}") = "ConsoleApp2", "ConsoleApp2.csproj", "{1A2ECCB3-BFAA-464E-AEA7-A427C259F21B}"
EndProject
Global
	GlobalSection(SolutionConfigurationPlatforms) = preSolution
		Debug|Any CPU = Debug|Any CPU
		Release|Any CPU = Release|Any CPU
	EndGlobalSection
	GlobalSection(ProjectConfigurationPlatforms) = postSolution
		{1A2ECCB3-BFAA-464E-AEA7-A427C259F21B}.Debug|Any CPU.ActiveCfg = Debug|Any CPU
		{1A2ECCB3-BFAA-464E-AEA7-A427C259F21B}.Debug|Any CPU.Build.0 = Debug|Any CPU
		{1A2ECCB3-BFAA-464E-AEA7-A427C259F21B}.Release|Any CPU.ActiveCfg = Release|Any CPU
		{1A2ECCB3-BFAA-464E-AEA7-A427C259F21B}.Release|Any CPU.Build.0 = Release|Any CPU
	EndGlobalSection
	GlobalSection(SolutionProperties) = preSolution
		HideSolutionNode = FALSE
	EndGlobalSection
	GlobalSection(ExtensibilityGlobals) = postSolution
		SolutionGuid = {85A81DF1-C634-42B6-B947-EDF43A125694}
	EndGlobalSection
EndGlobal
