
Microsoft Visual Studio Solution File, Format Version 12.00
# Visual Studio Version 17
VisualStudioVersion = 17.7.34024.191
MinimumVisualStudioVersion = 10.0.40219.1
Project("{9A19103F-16F7-4668-BE54-9A1E7A4F7556}") = "ConsoleApp15", "ConsoleApp15.csproj", "{859007C3-076B-4001-A82C-59A4BBAC0FAE}"
EndProject
Global
	GlobalSection(SolutionConfigurationPlatforms) = preSolution
		Debug|Any CPU = Debug|Any CPU
		Release|Any CPU = Release|Any CPU
	EndGlobalSection
	GlobalSection(ProjectConfigurationPlatforms) = postSolution
		{859007C3-076B-4001-A82C-59A4BBAC0FAE}.Debug|Any CPU.ActiveCfg = Debug|Any CPU
		{859007C3-076B-4001-A82C-59A4BBAC0FAE}.Debug|Any CPU.Build.0 = Debug|Any CPU
		{859007C3-076B-4001-A82C-59A4BBAC0FAE}.Release|Any CPU.ActiveCfg = Release|Any CPU
		{859007C3-076B-4001-A82C-59A4BBAC0FAE}.Release|Any CPU.Build.0 = Release|Any CPU
	EndGlobalSection
	GlobalSection(SolutionProperties) = preSolution
		HideSolutionNode = FALSE
	EndGlobalSection
	GlobalSection(ExtensibilityGlobals) = postSolution
		SolutionGuid = {5EEE1371-0B7B-42A3-A63E-8BC5E30525EE}
	EndGlobalSection
EndGlobal
