
Microsoft Visual Studio Solution File, Format Version 12.00
# Visual Studio Version 17
VisualStudioVersion = 17.7.34024.191
MinimumVisualStudioVersion = 10.0.40219.1
Project("{FAE04EC0-301F-11D3-BF4B-00C04F79EFBC}") = "ConsoleApp6", "ConsoleApp6.csproj", "{125D2510-010B-45EE-B85B-FACAF9D1FFCD}"
EndProject
Global
	GlobalSection(SolutionConfigurationPlatforms) = preSolution
		Debug|Any CPU = Debug|Any CPU
		Release|Any CPU = Release|Any CPU
	EndGlobalSection
	GlobalSection(ProjectConfigurationPlatforms) = postSolution
		{125D2510-010B-45EE-B85B-FACAF9D1FFCD}.Debug|Any CPU.ActiveCfg = Debug|Any CPU
		{125D2510-010B-45EE-B85B-FACAF9D1FFCD}.Debug|Any CPU.Build.0 = Debug|Any CPU
		{125D2510-010B-45EE-B85B-FACAF9D1FFCD}.Release|Any CPU.ActiveCfg = Release|Any CPU
		{125D2510-010B-45EE-B85B-FACAF9D1FFCD}.Release|Any CPU.Build.0 = Release|Any CPU
	EndGlobalSection
	GlobalSection(SolutionProperties) = preSolution
		HideSolutionNode = FALSE
	EndGlobalSection
	GlobalSection(ExtensibilityGlobals) = postSolution
		SolutionGuid = {BE58B269-6B6C-4E2B-9693-5654C8DA4152}
	EndGlobalSection
EndGlobal
